
Microsoft Visual Studio Solution File, Format Version 12.00
# Visual Studio Version 17
VisualStudioVersion = 17.4.33110.190
MinimumVisualStudioVersion = 10.0.40219.1
Project("{FAE04EC0-301F-11D3-BF4B-00C04F79EFBC}") = "Reservas.v3", "Reservas.v3.csproj", "{0B63CEFC-F7FE-4827-BA25-0136CCB3BB3E}"
EndProject
Project("{FAE04EC0-301F-11D3-BF4B-00C04F79EFBC}") = "Reservas.v3.Core", "..\Reservas.v3.Core\Reservas.v3.Core.csproj", "{63D75525-069C-4A1D-B142-976DA00A48B9}"
EndProject
Project("{FAE04EC0-301F-11D3-BF4B-00C04F79EFBC}") = "Reservas.v3.App", "..\Reservas.v3.App\Reservas.v3.App.csproj", "{0968C482-D519-4573-B720-2CDBF72C3D5D}"
EndProject
Global
	GlobalSection(SolutionConfigurationPlatforms) = preSolution
		Debug|Any CPU = Debug|Any CPU
		Release|Any CPU = Release|Any CPU
	EndGlobalSection
	GlobalSection(ProjectConfigurationPlatforms) = postSolution
		{0B63CEFC-F7FE-4827-BA25-0136CCB3BB3E}.Debug|Any CPU.ActiveCfg = Debug|Any CPU
		{0B63CEFC-F7FE-4827-BA25-0136CCB3BB3E}.Debug|Any CPU.Build.0 = Debug|Any CPU
		{0B63CEFC-F7FE-4827-BA25-0136CCB3BB3E}.Release|Any CPU.ActiveCfg = Release|Any CPU
		{0B63CEFC-F7FE-4827-BA25-0136CCB3BB3E}.Release|Any CPU.Build.0 = Release|Any CPU
		{63D75525-069C-4A1D-B142-976DA00A48B9}.Debug|Any CPU.ActiveCfg = Debug|Any CPU
		{63D75525-069C-4A1D-B142-976DA00A48B9}.Debug|Any CPU.Build.0 = Debug|Any CPU
		{63D75525-069C-4A1D-B142-976DA00A48B9}.Release|Any CPU.ActiveCfg = Release|Any CPU
		{63D75525-069C-4A1D-B142-976DA00A48B9}.Release|Any CPU.Build.0 = Release|Any CPU
		{0968C482-D519-4573-B720-2CDBF72C3D5D}.Debug|Any CPU.ActiveCfg = Debug|Any CPU
		{0968C482-D519-4573-B720-2CDBF72C3D5D}.Debug|Any CPU.Build.0 = Debug|Any CPU
		{0968C482-D519-4573-B720-2CDBF72C3D5D}.Release|Any CPU.ActiveCfg = Release|Any CPU
		{0968C482-D519-4573-B720-2CDBF72C3D5D}.Release|Any CPU.Build.0 = Release|Any CPU
	EndGlobalSection
	GlobalSection(SolutionProperties) = preSolution
		HideSolutionNode = FALSE
	EndGlobalSection
	GlobalSection(ExtensibilityGlobals) = postSolution
		SolutionGuid = {63A4C6D7-9438-4EAF-A572-C3C18F9C5177}
	EndGlobalSection
EndGlobal
